
Microsoft Visual Studio Solution File, Format Version 12.00
# Visual Studio Version 17
VisualStudioVersion = 17.3.32825.248
MinimumVisualStudioVersion = 10.0.40219.1
Project("{8BC9CEB8-8B4A-11D0-8D11-00A0C91BC942}") = "z80_loader", "z80_loader\z80_loader.vcxproj", "{8ECC33F8-661E-4775-9891-ADEA8453AB2C}"
EndProject
Project("{8BC9CEB8-8B4A-11D0-8D11-00A0C91BC942}") = "gensida", "Gensida\gensida.vcxproj", "{310670F5-6109-42EB-9784-60CE42D0D02D}"
EndProject
Project("{2150E333-8FDC-42A3-9474-1A3956D46DE8}") = "gensida", "gensida", "{1227069F-4FA5-4E67-8929-011A06689614}"
EndProject
Project("{2150E333-8FDC-42A3-9474-1A3956D46DE8}") = "loaders", "loaders", "{C27B84E9-CC89-4382-83B8-694B52BA749C}"
EndProject
Project("{8BC9CEB8-8B4A-11D0-8D11-00A0C91BC942}") = "sega_roms_ldr", "sega_roms_loader\sega_roms_ldr.vcxproj", "{D748DFCD-7226-46CB-9EC4-91391AF65170}"
EndProject
Project("{8BC9CEB8-8B4A-11D0-8D11-00A0C91BC942}") = "gens", "Gens\gens.vcxproj", "{A5E75490-1140-4E6C-8FF3-DEC81DEF32F7}"
	ProjectSection(ProjectDependencies) = postProject
		{D7DD9B10-5D5B-4B68-B13B-43EC227037C5} = {D7DD9B10-5D5B-4B68-B13B-43EC227037C5}
	EndProjectSection
EndProject
Project("{2150E333-8FDC-42A3-9474-1A3956D46DE8}") = "gens", "gens", "{61BBBDCD-F4F0-48AA-A057-B6DE0AB1A22A}"
EndProject
Project("{8BC9CEB8-8B4A-11D0-8D11-00A0C91BC942}") = "main68k", "Gens\starscream\main68k\main68k.vcxproj", "{D7DD9B10-5D5B-4B68-B13B-43EC227037C5}"
EndProject
Global
	GlobalSection(SolutionConfigurationPlatforms) = preSolution
		Debug83_68k|x64 = Debug83_68k|x64
		Debug83_z80|x64 = Debug83_z80|x64
		Release83_68k|x64 = Release83_68k|x64
		Release83_z80|x64 = Release83_z80|x64
	EndGlobalSection
	GlobalSection(ProjectConfigurationPlatforms) = postSolution
		{8ECC33F8-661E-4775-9891-ADEA8453AB2C}.Debug83_68k|x64.ActiveCfg = Debug83|x64
		{8ECC33F8-661E-4775-9891-ADEA8453AB2C}.Debug83_68k|x64.Build.0 = Debug83|x64
		{8ECC33F8-661E-4775-9891-ADEA8453AB2C}.Debug83_z80|x64.ActiveCfg = Debug83|x64
		{8ECC33F8-661E-4775-9891-ADEA8453AB2C}.Debug83_z80|x64.Build.0 = Debug83|x64
		{8ECC33F8-661E-4775-9891-ADEA8453AB2C}.Release83_68k|x64.ActiveCfg = Release83|x64
		{8ECC33F8-661E-4775-9891-ADEA8453AB2C}.Release83_68k|x64.Build.0 = Release83|x64
		{8ECC33F8-661E-4775-9891-ADEA8453AB2C}.Release83_z80|x64.ActiveCfg = Release83|x64
		{8ECC33F8-661E-4775-9891-ADEA8453AB2C}.Release83_z80|x64.Build.0 = Release83|x64
		{310670F5-6109-42EB-9784-60CE42D0D02D}.Debug83_68k|x64.ActiveCfg = Debug83_68k|x64
		{310670F5-6109-42EB-9784-60CE42D0D02D}.Debug83_68k|x64.Build.0 = Debug83_68k|x64
		{310670F5-6109-42EB-9784-60CE42D0D02D}.Debug83_z80|x64.ActiveCfg = Debug83_z80|x64
		{310670F5-6109-42EB-9784-60CE42D0D02D}.Debug83_z80|x64.Build.0 = Debug83_z80|x64
		{310670F5-6109-42EB-9784-60CE42D0D02D}.Release83_68k|x64.ActiveCfg = Release83_68k|x64
		{310670F5-6109-42EB-9784-60CE42D0D02D}.Release83_68k|x64.Build.0 = Release83_68k|x64
		{310670F5-6109-42EB-9784-60CE42D0D02D}.Release83_z80|x64.ActiveCfg = Release83_z80|x64
		{310670F5-6109-42EB-9784-60CE42D0D02D}.Release83_z80|x64.Build.0 = Release83_z80|x64
		{D748DFCD-7226-46CB-9EC4-91391AF65170}.Debug83_68k|x64.ActiveCfg = Debug83|x64
		{D748DFCD-7226-46CB-9EC4-91391AF65170}.Debug83_68k|x64.Build.0 = Debug83|x64
		{D748DFCD-7226-46CB-9EC4-91391AF65170}.Debug83_z80|x64.ActiveCfg = Debug83|x64
		{D748DFCD-7226-46CB-9EC4-91391AF65170}.Debug83_z80|x64.Build.0 = Debug83|x64
		{D748DFCD-7226-46CB-9EC4-91391AF65170}.Release83_68k|x64.ActiveCfg = Release83|x64
		{D748DFCD-7226-46CB-9EC4-91391AF65170}.Release83_68k|x64.Build.0 = Release83|x64
		{D748DFCD-7226-46CB-9EC4-91391AF65170}.Release83_z80|x64.ActiveCfg = Release83|x64
		{D748DFCD-7226-46CB-9EC4-91391AF65170}.Release83_z80|x64.Build.0 = Release83|x64
		{A5E75490-1140-4E6C-8FF3-DEC81DEF32F7}.Debug83_68k|x64.ActiveCfg = Debug_68k|Win32
		{A5E75490-1140-4E6C-8FF3-DEC81DEF32F7}.Debug83_68k|x64.Build.0 = Debug_68k|Win32
		{A5E75490-1140-4E6C-8FF3-DEC81DEF32F7}.Debug83_z80|x64.ActiveCfg = Debug_z80|Win32
		{A5E75490-1140-4E6C-8FF3-DEC81DEF32F7}.Debug83_z80|x64.Build.0 = Debug_z80|Win32
		{A5E75490-1140-4E6C-8FF3-DEC81DEF32F7}.Release83_68k|x64.ActiveCfg = Release_68k|Win32
		{A5E75490-1140-4E6C-8FF3-DEC81DEF32F7}.Release83_68k|x64.Build.0 = Release_68k|Win32
		{A5E75490-1140-4E6C-8FF3-DEC81DEF32F7}.Release83_z80|x64.ActiveCfg = Release_z80|Win32
		{A5E75490-1140-4E6C-8FF3-DEC81DEF32F7}.Release83_z80|x64.Build.0 = Release_z80|Win32
		{D7DD9B10-5D5B-4B68-B13B-43EC227037C5}.Debug83_68k|x64.ActiveCfg = Release|Win32
		{D7DD9B10-5D5B-4B68-B13B-43EC227037C5}.Debug83_68k|x64.Build.0 = Release|Win32
		{D7DD9B10-5D5B-4B68-B13B-43EC227037C5}.Debug83_z80|x64.ActiveCfg = Release|Win32
		{D7DD9B10-5D5B-4B68-B13B-43EC227037C5}.Debug83_z80|x64.Build.0 = Release|Win32
		{D7DD9B10-5D5B-4B68-B13B-43EC227037C5}.Release83_68k|x64.ActiveCfg = Release|Win32
		{D7DD9B10-5D5B-4B68-B13B-43EC227037C5}.Release83_68k|x64.Build.0 = Release|Win32
		{D7DD9B10-5D5B-4B68-B13B-43EC227037C5}.Release83_z80|x64.ActiveCfg = Release|Win32
		{D7DD9B10-5D5B-4B68-B13B-43EC227037C5}.Release83_z80|x64.Build.0 = Release|Win32
	EndGlobalSection
	GlobalSection(SolutionProperties) = preSolution
		HideSolutionNode = FALSE
	EndGlobalSection
	GlobalSection(NestedProjects) = preSolution
		{8ECC33F8-661E-4775-9891-ADEA8453AB2C} = {C27B84E9-CC89-4382-83B8-694B52BA749C}
		{310670F5-6109-42EB-9784-60CE42D0D02D} = {1227069F-4FA5-4E67-8929-011A06689614}
		{D748DFCD-7226-46CB-9EC4-91391AF65170} = {C27B84E9-CC89-4382-83B8-694B52BA749C}
		{A5E75490-1140-4E6C-8FF3-DEC81DEF32F7} = {61BBBDCD-F4F0-48AA-A057-B6DE0AB1A22A}
		{D7DD9B10-5D5B-4B68-B13B-43EC227037C5} = {61BBBDCD-F4F0-48AA-A057-B6DE0AB1A22A}
	EndGlobalSection
	GlobalSection(ExtensibilityGlobals) = postSolution
		SolutionGuid = {74886BC8-29C8-4863-AA0F-577D3974A6D0}
	EndGlobalSection
EndGlobal
