<?xml version="1.0" encoding="utf-8"?>
<Project ToolsVersion="4.0" xmlns="http://schemas.microsoft.com/developer/msbuild/2003">
  <ItemGroup>
    <Filter Include="ida">
      <UniqueIdentifier>{d2e72e27-9dac-4ead-a237-f40edbfdc6c6}</UniqueIdentifier>
    </Filter>
    <Filter Include="proto">
      <UniqueIdentifier>{a7a8f7f9-e64e-42c5-aa74-d6aede27961f}</UniqueIdentifier>
    </Filter>
  </ItemGroup>
  <ItemGroup>
    <ClCompile Include="ida\ida_debug.cpp">
      <Filter>ida</Filter>
    </ClCompile>
    <ClCompile Include="ida\ida_plugin.cpp">
      <Filter>ida</Filter>
    </ClCompile>
    <ClCompile Include="..\proto\debug_proto_68k.grpc.pb.cc">
      <Filter>proto</Filter>
    </ClCompile>
    <ClCompile Include="..\proto\debug_proto_68k.pb.cc">
      <Filter>proto</Filter>
    </ClCompile>
    <ClCompile Include="..\proto\debug_proto_z80.grpc.pb.cc">
      <Filter>proto</Filter>
    </ClCompile>
    <ClCompile Include="..\proto\debug_proto_z80.pb.cc">
      <Filter>proto</Filter>
    </ClCompile>
    <ClCompile Include="ida\paintform_moc.cpp">
      <Filter>ida</Filter>
    </ClCompile>
    <ClCompile Include="ida\paintform.cpp">
      <Filter>ida</Filter>
    </ClCompile>
  </ItemGroup>
  <ItemGroup>
    <ClInclude Include="ida\ida_debmod.h">
      <Filter>ida</Filter>
    </ClInclude>
    <ClInclude Include="ida\ida_debug.h">
      <Filter>ida</Filter>
    </ClInclude>
    <ClInclude Include="ida\ida_plugin.h">
      <Filter>ida</Filter>
    </ClInclude>
    <ClInclude Include="ida\ida_registers.h">
      <Filter>ida</Filter>
    </ClInclude>
    <ClInclude Include="..\proto\debug_proto_68k.grpc.pb.h">
      <Filter>proto</Filter>
    </ClInclude>
    <ClInclude Include="..\proto\debug_proto_68k.pb.h">
      <Filter>proto</Filter>
    </ClInclude>
    <ClInclude Include="..\proto\debug_proto_z80.grpc.pb.h">
      <Filter>proto</Filter>
    </ClInclude>
    <ClInclude Include="..\proto\debug_proto_z80.pb.h">
      <Filter>proto</Filter>
    </ClInclude>
  </ItemGroup>
  <ItemGroup>
    <CustomBuild Include="ida\paintform.h">
      <Filter>ida</Filter>
    </CustomBuild>
  </ItemGroup>
</Project>